
Microsoft Visual Studio Solution File, Format Version 12.00
# Visual Studio Version 17
VisualStudioVersion = 17.9.34616.47
MinimumVisualStudioVersion = 10.0.40219.1
Project("{9A19103F-16F7-4668-BE54-9A1E7A4F7556}") = "IndustryX.XUnitTest", "IndustryX.XUnitTest\IndustryX.XUnitTest.csproj", "{DACDDC20-1FDA-44CD-911F-0797687964BA}"
EndProject
Project("{9A19103F-16F7-4668-BE54-9A1E7A4F7556}") = "IndustryX.ServiceUser", "IndustryX.ServiceUser\IndustryX.ServiceUser.csproj", "{E72852C8-CB11-46AE-9F1D-6EE639EC5868}"
EndProject
Project("{9A19103F-16F7-4668-BE54-9A1E7A4F7556}") = "IndustryX.MessageBridge", "IndustryX.MessageBridge\IndustryX.MessageBridge.csproj", "{039ACE6D-D92F-4BE4-99B2-CC5951C68028}"
EndProject
Project("{FAE04EC0-301F-11D3-BF4B-00C04F79EFBC}") = "IndustryX.InfrastructureModels", "IndustryX.InfrastructureModels\IndustryX.InfrastructureModels.csproj", "{974C398F-FA4A-49C7-B0BD-DE22CABC254C}"
EndProject
Global
	GlobalSection(SolutionConfigurationPlatforms) = preSolution
		Debug|Any CPU = Debug|Any CPU
		Release|Any CPU = Release|Any CPU
	EndGlobalSection
	GlobalSection(ProjectConfigurationPlatforms) = postSolution
		{DACDDC20-1FDA-44CD-911F-0797687964BA}.Debug|Any CPU.ActiveCfg = Debug|Any CPU
		{DACDDC20-1FDA-44CD-911F-0797687964BA}.Debug|Any CPU.Build.0 = Debug|Any CPU
		{DACDDC20-1FDA-44CD-911F-0797687964BA}.Release|Any CPU.ActiveCfg = Release|Any CPU
		{DACDDC20-1FDA-44CD-911F-0797687964BA}.Release|Any CPU.Build.0 = Release|Any CPU
		{E72852C8-CB11-46AE-9F1D-6EE639EC5868}.Debug|Any CPU.ActiveCfg = Debug|Any CPU
		{E72852C8-CB11-46AE-9F1D-6EE639EC5868}.Debug|Any CPU.Build.0 = Debug|Any CPU
		{E72852C8-CB11-46AE-9F1D-6EE639EC5868}.Release|Any CPU.ActiveCfg = Release|Any CPU
		{E72852C8-CB11-46AE-9F1D-6EE639EC5868}.Release|Any CPU.Build.0 = Release|Any CPU
		{039ACE6D-D92F-4BE4-99B2-CC5951C68028}.Debug|Any CPU.ActiveCfg = Debug|Any CPU
		{039ACE6D-D92F-4BE4-99B2-CC5951C68028}.Debug|Any CPU.Build.0 = Debug|Any CPU
		{039ACE6D-D92F-4BE4-99B2-CC5951C68028}.Release|Any CPU.ActiveCfg = Release|Any CPU
		{039ACE6D-D92F-4BE4-99B2-CC5951C68028}.Release|Any CPU.Build.0 = Release|Any CPU
		{974C398F-FA4A-49C7-B0BD-DE22CABC254C}.Debug|Any CPU.ActiveCfg = Debug|Any CPU
		{974C398F-FA4A-49C7-B0BD-DE22CABC254C}.Debug|Any CPU.Build.0 = Debug|Any CPU
		{974C398F-FA4A-49C7-B0BD-DE22CABC254C}.Release|Any CPU.ActiveCfg = Release|Any CPU
		{974C398F-FA4A-49C7-B0BD-DE22CABC254C}.Release|Any CPU.Build.0 = Release|Any CPU
	EndGlobalSection
	GlobalSection(SolutionProperties) = preSolution
		HideSolutionNode = FALSE
	EndGlobalSection
	GlobalSection(ExtensibilityGlobals) = postSolution
		SolutionGuid = {CD438E20-7100-4C2E-900E-0B31BD7E0944}
	EndGlobalSection
EndGlobal
